
Microsoft Visual Studio Solution File, Format Version 12.00
# Visual Studio Version 16
VisualStudioVersion = 16.0.31613.86
MinimumVisualStudioVersion = 10.0.40219.1
Project("{FAE04EC0-301F-11D3-BF4B-00C04F79EFBC}") = "If_Excersize_3", "If_Excersize_3.csproj", "{A595B229-1A94-4A88-9528-827A7D082A3C}"
EndProject
Global
	GlobalSection(SolutionConfigurationPlatforms) = preSolution
		Debug|Any CPU = Debug|Any CPU
		Release|Any CPU = Release|Any CPU
	EndGlobalSection
	GlobalSection(ProjectConfigurationPlatforms) = postSolution
		{A595B229-1A94-4A88-9528-827A7D082A3C}.Debug|Any CPU.ActiveCfg = Debug|Any CPU
		{A595B229-1A94-4A88-9528-827A7D082A3C}.Debug|Any CPU.Build.0 = Debug|Any CPU
		{A595B229-1A94-4A88-9528-827A7D082A3C}.Release|Any CPU.ActiveCfg = Release|Any CPU
		{A595B229-1A94-4A88-9528-827A7D082A3C}.Release|Any CPU.Build.0 = Release|Any CPU
	EndGlobalSection
	GlobalSection(SolutionProperties) = preSolution
		HideSolutionNode = FALSE
	EndGlobalSection
	GlobalSection(ExtensibilityGlobals) = postSolution
		SolutionGuid = {213373D5-B634-44D3-832B-7DFC59E0B9FF}
	EndGlobalSection
EndGlobal
